// !$*UTF8*$!
{
	archiveVersion = 1;
	classes = {
	};
	objectVersion = 48;
	objects = {

/* Begin PBXBuildFile section */
		AB57BFE81F7A937800C49EC5 /* AppDelegate.swift in Sources */ = {isa = PBXBuildFile; fileRef = AB57BFE71F7A937800C49EC5 /* AppDelegate.swift */; };
		AB57BFEA1F7A937800C49EC5 /* RootViewController.swift in Sources */ = {isa = PBXBuildFile; fileRef = AB57BFE91F7A937800C49EC5 /* RootViewController.swift */; };
		AB57BFED1F7A937800C49EC5 /* Main.storyboard in Resources */ = {isa = PBXBuildFile; fileRef = AB57BFEB1F7A937800C49EC5 /* Main.storyboard */; };
		AB57BFEF1F7A937800C49EC5 /* Assets.xcassets in Resources */ = {isa = PBXBuildFile; fileRef = AB57BFEE1F7A937800C49EC5 /* Assets.xcassets */; };
		AB57BFF21F7A937800C49EC5 /* LaunchScreen.storyboard in Resources */ = {isa = PBXBuildFile; fileRef = AB57BFF01F7A937800C49EC5 /* LaunchScreen.storyboard */; };
/* End PBXBuildFile section */

/* Begin PBXFileReference section */
		AB57BFE41F7A937800C49EC5 /* Cookie Tapper.app */ = {isa = PBXFileReference; explicitFileType = wrapper.application; includeInIndex = 0; path = "Cookie Tapper.app"; sourceTree = BUILT_PRODUCTS_DIR; };
		AB57BFE71F7A937800C49EC5 /* AppDelegate.swift */ = {isa = PBXFileReference; lastKnownFileType = sourcecode.swift; path = AppDelegate.swift; sourceTree = "<group>"; };
		AB57BFE91F7A937800C49EC5 /* RootViewController.swift */ = {isa = PBXFileReference; lastKnownFileType = sourcecode.swift; path = RootViewController.swift; sourceTree = "<group>"; };
		AB57BFEC1F7A937800C49EC5 /* Base */ = {isa = PBXFileReference; lastKnownFileType = file.storyboard; name = Base; path = Base.lproj/Main.storyboard; sourceTree = "<group>"; };
		AB57BFEE1F7A937800C49EC5 /* Assets.xcassets */ = {isa = PBXFileReference; lastKnownFileType = folder.assetcatalog; path = Assets.xcassets; sourceTree = "<group>"; };
		AB57BFF11F7A937800C49EC5 /* Base */ = {isa = PBXFileReference; lastKnownFileType = file.storyboard; name = Base; path = Base.lproj/LaunchScreen.storyboard; sourceTree = "<group>"; };
		AB57BFF31F7A937800C49EC5 /* Info.plist */ = {isa = PBXFileReference; lastKnownFileType = text.plist.xml; path = Info.plist; sourceTree = "<group>"; };
/* End PBXFileReference section */

/* Begin PBXFrameworksBuildPhase section */
		AB57BFE11F7A937800C49EC5 /* Frameworks */ = {
			isa = PBXFrameworksBuildPhase;
			buildActionMask = 2147483647;
			files = (
			);
			runOnlyForDeploymentPostprocessing = 0;
		};
/* End PBXFrameworksBuildPhase section */

/* Begin PBXGroup section */
		AB57BFDB1F7A937800C49EC5 = {
			isa = PBXGroup;
			children = (
				AB57BFE61F7A937800C49EC5 /* Cookie Tapper */,
				AB57BFE51F7A937800C49EC5 /* Products */,
			);
			sourceTree = "<group>";
		};
		AB57BFE51F7A937800C49EC5 /* Products */ = {
			isa = PBXGroup;
			children = (
				AB57BFE41F7A937800C49EC5 /* Cookie Tapper.app */,
			);
			name = Products;
			sourceTree = "<group>";
		};
		AB57BFE61F7A937800C49EC5 /* Cookie Tapper */ = {
			isa = PBXGroup;
			children = (
				AB57BFE71F7A937800C49EC5 /* AppDelegate.swift */,
				AB57BFE91F7A937800C49EC5 /* RootViewController.swift */,
				AB57BFEB1F7A937800C49EC5 /* Main.storyboard */,
				AB57BFEE1F7A937800C49EC5 /* Assets.xcassets */,
				AB57BFF01F7A937800C49EC5 /* LaunchScreen.storyboard */,
				AB57BFF31F7A937800C49EC5 /* Info.plist */,
			);
			path = "Cookie Tapper";
			sourceTree = "<group>";
		};
/* End PBXGroup section */

/* Begin PBXNativeTarget section */
		AB57BFE31F7A937800C49EC5 /* Cookie Tapper */ = {
			isa = PBXNativeTarget;
			buildConfigurationList = AB57BFF61F7A937800C49EC5 /* Build configuration list for PBXNativeTarget "Cookie Tapper" */;
			buildPhases = (
				AB57BFE01F7A937800C49EC5 /* Sources */,
				AB57BFE11F7A937800C49EC5 /* Frameworks */,
				AB57BFE21F7A937800C49EC5 /* Resources */,
			);
			buildRules = (
			);
			dependencies = (
			);
			name = "Cookie Tapper";
			productName = "Cookie Tapper";
			productReference = AB57BFE41F7A937800C49EC5 /* Cookie Tapper.app */;
			productType = "com.apple.product-type.application";
		};
/* End PBXNativeTarget section */

/* Begin PBXProject section */
		AB57BFDC1F7A937800C49EC5 /* Project object */ = {
			isa = PBXProject;
			attributes = {
				LastSwiftUpdateCheck = 0900;
				LastUpgradeCheck = 0900;
				ORGANIZATIONNAME = Codebase;
				TargetAttributes = {
					AB57BFE31F7A937800C49EC5 = {
						CreatedOnToolsVersion = 9.0;
						ProvisioningStyle = Automatic;
					};
				};
			};
			buildConfigurationList = AB57BFDF1F7A937800C49EC5 /* Build configuration list for PBXProject "Cookie Tapper" */;
			compatibilityVersion = "Xcode 8.0";
			developmentRegion = en;
			hasScannedForEncodings = 0;
			knownRegions = (
				en,
				Base,
			);
			mainGroup = AB57BFDB1F7A937800C49EC5;
			productRefGroup = AB57BFE51F7A937800C49EC5 /* Products */;
			projectDirPath = "";
			projectRoot = "";
			targets = (
				AB57BFE31F7A937800C49EC5 /* Cookie Tapper */,
			);
		};
/* End PBXProject section */

/* Begin PBXResourcesBuildPhase section */
		AB57BFE21F7A937800C49EC5 /* Resources */ = {
			isa = PBXResourcesBuildPhase;
			buildActionMask = 2147483647;
			files = (
				AB57BFF21F7A937800C49EC5 /* LaunchScreen.storyboard in Resources */,
				AB57BFEF1F7A937800C49EC5 /* Assets.xcassets in Resources */,
				AB57BFED1F7A937800C49EC5 /* Main.storyboard in Resources */,
			);
			runOnlyForDeploymentPostprocessing = 0;
		};
/* End PBXResourcesBuildPhase section */

/* Begin PBXSourcesBuildPhase section */
		AB57BFE01F7A937800C49EC5 /* Sources */ = {
			isa = PBXSourcesBuildPhase;
			buildActionMask = 2147483647;
			files = (
				AB57BFEA1F7A937800C49EC5 /* RootViewController.swift in Sources */,
				AB57BFE81F7A937800C49EC5 /* AppDelegate.swift in Sources */,
			);
			runOnlyForDeploymentPostprocessing = 0;
		};
/* End PBXSourcesBuildPhase section */

/* Begin PBXVariantGroup section */
		AB57BFEB1F7A937800C49EC5 /* Main.storyboard */ = {
			isa = PBXVariantGroup;
			children = (
				AB57BFEC1F7A937800C49EC5 /* Base */,
			);
			name = Main.storyboard;
			sourceTree = "<group>";
		};
		AB57BFF01F7A937800C49EC5 /* LaunchScreen.storyboard */ = {
			isa = PBXVariantGroup;
			children = (
				AB57BFF11F7A937800C49EC5 /* Base */,
			);
			name = LaunchScreen.storyboard;
			sourceTree = "<group>";
		};
/* End PBXVariantGroup section */

/* Begin XCBuildConfiguration section */
		AB57BFF41F7A937800C49EC5 /* Debug */ = {
			isa = XCBuildConfiguration;
			buildSettings = {
				ALWAYS_SEARCH_USER_PATHS = NO;
				CLANG_ANALYZER_NONNULL = YES;
				CLANG_ANALYZER_NUMBER_OBJECT_CONVERSION = YES_AGGRESSIVE;
				CLANG_CXX_LANGUAGE_STANDARD = "gnu++14";
				CLANG_CXX_LIBRARY = "libc++";
				CLANG_ENABLE_MODULES = YES;
				CLANG_ENABLE_OBJC_ARC = YES;
				CLANG_WARN_BLOCK_CAPTURE_AUTORELEASING = YES;
				CLANG_WARN_BOOL_CONVERSION = YES;
				CLANG_WARN_COMMA = YES;
				CLANG_WARN_CONSTANT_CONVERSION = YES;
				CLANG_WARN_DIRECT_OBJC_ISA_USAGE = YES_ERROR;
				CLANG_WARN_DOCUMENTATION_COMMENTS = YES;
				CLANG_WARN_EMPTY_BODY = YES;
				CLANG_WARN_ENUM_CONVERSION = YES;
				CLANG_WARN_INFINITE_RECURSION = YES;
				CLANG_WARN_INT_CONVERSION = YES;
				CLANG_WARN_NON_LITERAL_NULL_CONVERSION = YES;
				CLANG_WARN_OBJC_LITERAL_CONVERSION = YES;
				CLANG_WARN_OBJC_ROOT_CLASS = YES_ERROR;
				CLANG_WARN_RANGE_LOOP_ANALYSIS = YES;
				CLANG_WARN_STRICT_PROTOTYPES = YES;
				CLANG_WARN_SUSPICIOUS_MOVE = YES;
				CLANG_WARN_UNGUARDED_AVAILABILITY = YES_AGGRESSIVE;
				CLANG_WARN_UNREACHABLE_CODE = YES;
				CLANG_WARN__DUPLICATE_METHOD_MATCH = YES;
				CODE_SIGN_IDENTITY = "iPhone Developer";
				COPY_PHASE_STRIP = NO;
				DEBUG_INFORMATION_FORMAT = dwarf;
				ENABLE_STRICT_OBJC_MSGSEND = YES;
				ENABLE_TESTABILITY = YES;
				GCC_C_LANGUAGE_STANDARD = gnu11;
				GCC_DYNAMIC_NO_PIC = NO;
				GCC_NO_COMMON_BLOCKS = YES;
				GCC_OPTIMIZATION_LEVEL = 0;
				GCC_PREPROCESSOR_DEFINITIONS = (
					"DEBUG=1",
					"$(inherited)",
				);
				GCC_WARN_64_TO_32_BIT_CONVERSION = YES;
				GCC_WARN_ABOUT_RETURN_TYPE = YES_ERROR;
				GCC_WARN_UNDECLARED_SELECTOR = YES;
				GCC_WARN_UNINITIALIZED_AUTOS = YES_AGGRESSIVE;
				GCC_WARN_UNUSED_FUNCTION = YES;
				GCC_WARN_UNUSED_VARIABLE = YES;
				IPHONEOS_DEPLOYMENT_TARGET = 11.0;
				MTL_ENABLE_DEBUG_INFO = YES;
				ONLY_ACTIVE_ARCH = YES;
				SDKROOT = iphoneos;
				SWIFT_ACTIVE_COMPILATION_CONDITIONS = DEBUG;
				SWIFT_OPTIMIZATION_LEVEL = "-Onone";
			};
			name = Debug;
		};
		AB57BFF51F7A937800C49EC5 /* Release */ = {
			isa = XCBuildConfiguration;
			buildSettings = {
				ALWAYS_SEARCH_USER_PATHS = NO;
				CLANG_ANALYZER_NONNULL = YES;
				CLANG_ANALYZER_NUMBER_OBJECT_CONVERSION = YES_AGGRESSIVE;
				CLANG_CXX_LANGUAGE_STANDARD = "gnu++14";
				CLANG_CXX_LIBRARY = "libc++";
				CLANG_ENABLE_MODULES = YES;
				CLANG_ENABLE_OBJC_ARC = YES;
				CLANG_WARN_BLOCK_CAPTURE_AUTORELEASING = YES;
				CLANG_WARN_BOOL_CONVERSION = YES;
				CLANG_WARN_COMMA = YES;
				CLANG_WARN_CONSTANT_CONVERSION = YES;
				CLANG_WARN_DIRECT_OBJC_ISA_USAGE = YES_ERROR;
				CLANG_WARN_DOCUMENTATION_COMMENTS = YES;
				CLANG_WARN_EMPTY_BODY = YES;
				CLANG_WARN_ENUM_CONVERSION = YES;
				CLANG_WARN_INFINITE_RECURSION = YES;
				CLANG_WARN_INT_CONVERSION = YES;
				CLANG_WARN_NON_LITERAL_NULL_CONVERSION = YES;
				CLANG_WARN_OBJC_LITERAL_CONVERSION = YES;
				CLANG_WARN_OBJC_ROOT_CLASS = YES_ERROR;
				CLANG_WARN_RANGE_LOOP_ANALYSIS = YES;
				CLANG_WARN_STRICT_PROTOTYPES = YES;
				CLANG_WARN_SUSPICIOUS_MOVE = YES;
				CLANG_WARN_UNGUARDED_AVAILABILITY = YES_AGGRESSIVE;
				CLANG_WARN_UNREACHABLE_CODE = YES;
				CLANG_WARN__DUPLICATE_METHOD_MATCH = YES;
				CODE_SIGN_IDENTITY = "iPhone Developer";
				COPY_PHASE_STRIP = NO;
				DEBUG_INFORMATION_FORMAT = "dwarf-with-dsym";
				ENABLE_NS_ASSERTIONS = NO;
				ENABLE_STRICT_OBJC_MSGSEND = YES;
				GCC_C_LANGUAGE_STANDARD = gnu11;
				GCC_NO_COMMON_BLOCKS = YES;
				GCC_WARN_64_TO_32_BIT_CONVERSION = YES;
				GCC_WARN_ABOUT_RETURN_TYPE = YES_ERROR;
				GCC_WARN_UNDECLARED_SELECTOR = YES;
				GCC_WARN_UNINITIALIZED_AUTOS = YES_AGGRESSIVE;
				GCC_WARN_UNUSED_FUNCTION = YES;
				GCC_WARN_UNUSED_VARIABLE = YES;
				IPHONEOS_DEPLOYMENT_TARGET = 11.0;
				MTL_ENABLE_DEBUG_INFO = NO;
				SDKROOT = iphoneos;
				SWIFT_OPTIMIZATION_LEVEL = "-Owholemodule";
				VALIDATE_PRODUCT = YES;
			};
			name = Release;
		};
		AB57BFF71F7A937800C49EC5 /* Debug */ = {
			isa = XCBuildConfiguration;
			buildSettings = {
				ASSETCATALOG_COMPILER_APPICON_NAME = AppIcon;
				CODE_SIGN_STYLE = Automatic;
				DEVELOPMENT_TEAM = MXQ6G6636B;
				INFOPLIST_FILE = "Cookie Tapper/Info.plist";
				LD_RUNPATH_SEARCH_PATHS = "$(inherited) @executable_path/Frameworks";
				PRODUCT_BUNDLE_IDENTIFIER = "com.codebasesav.Cookie-Tapper";
				PRODUCT_NAME = "$(TARGET_NAME)";
				SWIFT_VERSION = 4.0;
				TARGETED_DEVICE_FAMILY = "1,2";
			};
			name = Debug;
		};
		AB57BFF81F7A937800C49EC5 /* Release */ = {
			isa = XCBuildConfiguration;
			buildSettings = {
				ASSETCATALOG_COMPILER_APPICON_NAME = AppIcon;
				CODE_SIGN_STYLE = Automatic;
				DEVELOPMENT_TEAM = MXQ6G6636B;
				INFOPLIST_FILE = "Cookie Tapper/Info.plist";
				LD_RUNPATH_SEARCH_PATHS = "$(inherited) @executable_path/Frameworks";
				PRODUCT_BUNDLE_IDENTIFIER = "com.codebasesav.Cookie-Tapper";
				PRODUCT_NAME = "$(TARGET_NAME)";
				SWIFT_VERSION = 4.0;
				TARGETED_DEVICE_FAMILY = "1,2";
			};
			name = Release;
		};
/* End XCBuildConfiguration section */

/* Begin XCConfigurationList section */
		AB57BFDF1F7A937800C49EC5 /* Build configuration list for PBXProject "Cookie Tapper" */ = {
			isa = XCConfigurationList;
			buildConfigurations = (
				AB57BFF41F7A937800C49EC5 /* Debug */,
				AB57BFF51F7A937800C49EC5 /* Release */,
			);
			defaultConfigurationIsVisible = 0;
			defaultConfigurationName = Release;
		};
		AB57BFF61F7A937800C49EC5 /* Build configuration list for PBXNativeTarget "Cookie Tapper" */ = {
			isa = XCConfigurationList;
			buildConfigurations = (
				AB57BFF71F7A937800C49EC5 /* Debug */,
				AB57BFF81F7A937800C49EC5 /* Release */,
			);
			defaultConfigurationIsVisible = 0;
			defaultConfigurationName = Release;
		};
/* End XCConfigurationList section */
	};
	rootObject = AB57BFDC1F7A937800C49EC5 /* Project object */;
}
